
Microsoft Visual Studio Solution File, Format Version 12.00
# Visual Studio Version 16
VisualStudioVersion = 16.0.32901.82
MinimumVisualStudioVersion = 10.0.40219.1
Project("{FAE04EC0-301F-11D3-BF4B-00C04F79EFBC}") = "Part_2_Task__ Array_19", "Part_2_Task__ Array_19\Part_2_Task__ Array_19.csproj", "{ED42F29F-A447-4115-8BB2-ADCA599BEA63}"
EndProject
Global
	GlobalSection(SolutionConfigurationPlatforms) = preSolution
		Debug|Any CPU = Debug|Any CPU
		Release|Any CPU = Release|Any CPU
	EndGlobalSection
	GlobalSection(ProjectConfigurationPlatforms) = postSolution
		{ED42F29F-A447-4115-8BB2-ADCA599BEA63}.Debug|Any CPU.ActiveCfg = Debug|Any CPU
		{ED42F29F-A447-4115-8BB2-ADCA599BEA63}.Debug|Any CPU.Build.0 = Debug|Any CPU
		{ED42F29F-A447-4115-8BB2-ADCA599BEA63}.Release|Any CPU.ActiveCfg = Release|Any CPU
		{ED42F29F-A447-4115-8BB2-ADCA599BEA63}.Release|Any CPU.Build.0 = Release|Any CPU
	EndGlobalSection
	GlobalSection(SolutionProperties) = preSolution
		HideSolutionNode = FALSE
	EndGlobalSection
	GlobalSection(ExtensibilityGlobals) = postSolution
		SolutionGuid = {DE17C1D2-FD9A-479F-ABC0-8E2427EB6DD0}
	EndGlobalSection
EndGlobal
