
Microsoft Visual Studio Solution File, Format Version 12.00
# Visual Studio Version 16
VisualStudioVersion = 16.0.32901.82
MinimumVisualStudioVersion = 10.0.40219.1
Project("{FAE04EC0-301F-11D3-BF4B-00C04F79EFBC}") = "Part_2_Task_Integer_9", "Part_2_Task_Integer_9\Part_2_Task_Integer_9.csproj", "{E4BD43B1-182B-4F59-AE19-F2C6BEAC3814}"
EndProject
Global
	GlobalSection(SolutionConfigurationPlatforms) = preSolution
		Debug|Any CPU = Debug|Any CPU
		Release|Any CPU = Release|Any CPU
	EndGlobalSection
	GlobalSection(ProjectConfigurationPlatforms) = postSolution
		{E4BD43B1-182B-4F59-AE19-F2C6BEAC3814}.Debug|Any CPU.ActiveCfg = Debug|Any CPU
		{E4BD43B1-182B-4F59-AE19-F2C6BEAC3814}.Debug|Any CPU.Build.0 = Debug|Any CPU
		{E4BD43B1-182B-4F59-AE19-F2C6BEAC3814}.Release|Any CPU.ActiveCfg = Release|Any CPU
		{E4BD43B1-182B-4F59-AE19-F2C6BEAC3814}.Release|Any CPU.Build.0 = Release|Any CPU
	EndGlobalSection
	GlobalSection(SolutionProperties) = preSolution
		HideSolutionNode = FALSE
	EndGlobalSection
	GlobalSection(ExtensibilityGlobals) = postSolution
		SolutionGuid = {EB9F8DC3-12E5-405B-87F8-71A0D57143F8}
	EndGlobalSection
EndGlobal
