
Microsoft Visual Studio Solution File, Format Version 12.00
# Visual Studio Version 16
VisualStudioVersion = 16.0.32901.82
MinimumVisualStudioVersion = 10.0.40219.1
Project("{FAE04EC0-301F-11D3-BF4B-00C04F79EFBC}") = "Part_2_Task__Series_19", "Part_2_Task__Series_19\Part_2_Task__Series_19.csproj", "{A476F441-74F5-4557-BF26-A2C9ED08A963}"
EndProject
Global
	GlobalSection(SolutionConfigurationPlatforms) = preSolution
		Debug|Any CPU = Debug|Any CPU
		Release|Any CPU = Release|Any CPU
	EndGlobalSection
	GlobalSection(ProjectConfigurationPlatforms) = postSolution
		{A476F441-74F5-4557-BF26-A2C9ED08A963}.Debug|Any CPU.ActiveCfg = Debug|Any CPU
		{A476F441-74F5-4557-BF26-A2C9ED08A963}.Debug|Any CPU.Build.0 = Debug|Any CPU
		{A476F441-74F5-4557-BF26-A2C9ED08A963}.Release|Any CPU.ActiveCfg = Release|Any CPU
		{A476F441-74F5-4557-BF26-A2C9ED08A963}.Release|Any CPU.Build.0 = Release|Any CPU
	EndGlobalSection
	GlobalSection(SolutionProperties) = preSolution
		HideSolutionNode = FALSE
	EndGlobalSection
	GlobalSection(ExtensibilityGlobals) = postSolution
		SolutionGuid = {9C6D6305-C45F-4928-98D4-501423A5A1BA}
	EndGlobalSection
EndGlobal
