
Microsoft Visual Studio Solution File, Format Version 12.00
# Visual Studio Version 16
VisualStudioVersion = 16.0.32901.82
MinimumVisualStudioVersion = 10.0.40219.1
Project("{FAE04EC0-301F-11D3-BF4B-00C04F79EFBC}") = "Part_2_Task__Boolean_39", "Part_2_Task__Boolean_39\Part_2_Task__Boolean_39.csproj", "{8B231A33-9E0C-4444-93BD-2D3516476C69}"
EndProject
Global
	GlobalSection(SolutionConfigurationPlatforms) = preSolution
		Debug|Any CPU = Debug|Any CPU
		Release|Any CPU = Release|Any CPU
	EndGlobalSection
	GlobalSection(ProjectConfigurationPlatforms) = postSolution
		{8B231A33-9E0C-4444-93BD-2D3516476C69}.Debug|Any CPU.ActiveCfg = Debug|Any CPU
		{8B231A33-9E0C-4444-93BD-2D3516476C69}.Debug|Any CPU.Build.0 = Debug|Any CPU
		{8B231A33-9E0C-4444-93BD-2D3516476C69}.Release|Any CPU.ActiveCfg = Release|Any CPU
		{8B231A33-9E0C-4444-93BD-2D3516476C69}.Release|Any CPU.Build.0 = Release|Any CPU
	EndGlobalSection
	GlobalSection(SolutionProperties) = preSolution
		HideSolutionNode = FALSE
	EndGlobalSection
	GlobalSection(ExtensibilityGlobals) = postSolution
		SolutionGuid = {00139D24-3B4F-4943-A06E-742B3F18DB96}
	EndGlobalSection
EndGlobal
