
Microsoft Visual Studio Solution File, Format Version 12.00
# Visual Studio Version 16
VisualStudioVersion = 16.0.32901.82
MinimumVisualStudioVersion = 10.0.40219.1
Project("{FAE04EC0-301F-11D3-BF4B-00C04F79EFBC}") = "Part_2_Task__ Array_39", "Part_2_Task__ Array_39\Part_2_Task__ Array_39.csproj", "{9AAE10AF-66BB-4322-8685-EB6925BBBB58}"
EndProject
Global
	GlobalSection(SolutionConfigurationPlatforms) = preSolution
		Debug|Any CPU = Debug|Any CPU
		Release|Any CPU = Release|Any CPU
	EndGlobalSection
	GlobalSection(ProjectConfigurationPlatforms) = postSolution
		{9AAE10AF-66BB-4322-8685-EB6925BBBB58}.Debug|Any CPU.ActiveCfg = Debug|Any CPU
		{9AAE10AF-66BB-4322-8685-EB6925BBBB58}.Debug|Any CPU.Build.0 = Debug|Any CPU
		{9AAE10AF-66BB-4322-8685-EB6925BBBB58}.Release|Any CPU.ActiveCfg = Release|Any CPU
		{9AAE10AF-66BB-4322-8685-EB6925BBBB58}.Release|Any CPU.Build.0 = Release|Any CPU
	EndGlobalSection
	GlobalSection(SolutionProperties) = preSolution
		HideSolutionNode = FALSE
	EndGlobalSection
	GlobalSection(ExtensibilityGlobals) = postSolution
		SolutionGuid = {DAB51C8C-C441-4498-BA64-613D2A625C07}
	EndGlobalSection
EndGlobal
