
Microsoft Visual Studio Solution File, Format Version 12.00
# Visual Studio Version 16
VisualStudioVersion = 16.0.32901.82
MinimumVisualStudioVersion = 10.0.40219.1
Project("{FAE04EC0-301F-11D3-BF4B-00C04F79EFBC}") = "Part_2_Task__While_19", "Part_2_Task__While_19\Part_2_Task__While_19.csproj", "{630ACC3A-A0FE-4B32-BC59-471484B90387}"
EndProject
Global
	GlobalSection(SolutionConfigurationPlatforms) = preSolution
		Debug|Any CPU = Debug|Any CPU
		Release|Any CPU = Release|Any CPU
	EndGlobalSection
	GlobalSection(ProjectConfigurationPlatforms) = postSolution
		{630ACC3A-A0FE-4B32-BC59-471484B90387}.Debug|Any CPU.ActiveCfg = Debug|Any CPU
		{630ACC3A-A0FE-4B32-BC59-471484B90387}.Debug|Any CPU.Build.0 = Debug|Any CPU
		{630ACC3A-A0FE-4B32-BC59-471484B90387}.Release|Any CPU.ActiveCfg = Release|Any CPU
		{630ACC3A-A0FE-4B32-BC59-471484B90387}.Release|Any CPU.Build.0 = Release|Any CPU
	EndGlobalSection
	GlobalSection(SolutionProperties) = preSolution
		HideSolutionNode = FALSE
	EndGlobalSection
	GlobalSection(ExtensibilityGlobals) = postSolution
		SolutionGuid = {6CBDB094-44B6-4969-94FE-6FDDD35F7C8F}
	EndGlobalSection
EndGlobal
