
Microsoft Visual Studio Solution File, Format Version 12.00
# Visual Studio Version 16
VisualStudioVersion = 16.0.32901.82
MinimumVisualStudioVersion = 10.0.40219.1
Project("{FAE04EC0-301F-11D3-BF4B-00C04F79EFBC}") = "Part_2_Task__If_19", "Part_2_Task__If_19\Part_2_Task__If_19.csproj", "{3E5347E6-1872-45DE-B20F-FE2683C12C63}"
EndProject
Global
	GlobalSection(SolutionConfigurationPlatforms) = preSolution
		Debug|Any CPU = Debug|Any CPU
		Release|Any CPU = Release|Any CPU
	EndGlobalSection
	GlobalSection(ProjectConfigurationPlatforms) = postSolution
		{3E5347E6-1872-45DE-B20F-FE2683C12C63}.Debug|Any CPU.ActiveCfg = Debug|Any CPU
		{3E5347E6-1872-45DE-B20F-FE2683C12C63}.Debug|Any CPU.Build.0 = Debug|Any CPU
		{3E5347E6-1872-45DE-B20F-FE2683C12C63}.Release|Any CPU.ActiveCfg = Release|Any CPU
		{3E5347E6-1872-45DE-B20F-FE2683C12C63}.Release|Any CPU.Build.0 = Release|Any CPU
	EndGlobalSection
	GlobalSection(SolutionProperties) = preSolution
		HideSolutionNode = FALSE
	EndGlobalSection
	GlobalSection(ExtensibilityGlobals) = postSolution
		SolutionGuid = {106B863E-DF9B-49D4-B678-520E4FF19CD3}
	EndGlobalSection
EndGlobal
