
Microsoft Visual Studio Solution File, Format Version 12.00
# Visual Studio Version 16
VisualStudioVersion = 16.0.32901.82
MinimumVisualStudioVersion = 10.0.40219.1
Project("{FAE04EC0-301F-11D3-BF4B-00C04F79EFBC}") = "Part_2_Task__String_9", "Part_2_Task__String_9\Part_2_Task__String_9.csproj", "{5A2C0D42-3465-4A1D-8D0A-18461FEB667E}"
EndProject
Global
	GlobalSection(SolutionConfigurationPlatforms) = preSolution
		Debug|Any CPU = Debug|Any CPU
		Release|Any CPU = Release|Any CPU
	EndGlobalSection
	GlobalSection(ProjectConfigurationPlatforms) = postSolution
		{5A2C0D42-3465-4A1D-8D0A-18461FEB667E}.Debug|Any CPU.ActiveCfg = Debug|Any CPU
		{5A2C0D42-3465-4A1D-8D0A-18461FEB667E}.Debug|Any CPU.Build.0 = Debug|Any CPU
		{5A2C0D42-3465-4A1D-8D0A-18461FEB667E}.Release|Any CPU.ActiveCfg = Release|Any CPU
		{5A2C0D42-3465-4A1D-8D0A-18461FEB667E}.Release|Any CPU.Build.0 = Release|Any CPU
	EndGlobalSection
	GlobalSection(SolutionProperties) = preSolution
		HideSolutionNode = FALSE
	EndGlobalSection
	GlobalSection(ExtensibilityGlobals) = postSolution
		SolutionGuid = {2913AB26-700A-48E2-9D24-AF9F81FCA1AD}
	EndGlobalSection
EndGlobal
