
Microsoft Visual Studio Solution File, Format Version 12.00
# Visual Studio Version 16
VisualStudioVersion = 16.0.32901.82
MinimumVisualStudioVersion = 10.0.40219.1
Project("{FAE04EC0-301F-11D3-BF4B-00C04F79EFBC}") = "Part_2_Task_Begin_39", "Part_2_Task_Begin_39\Part_2_Task_Begin_39.csproj", "{F64A473C-1C6A-4D21-8999-8C06C43AE894}"
EndProject
Global
	GlobalSection(SolutionConfigurationPlatforms) = preSolution
		Debug|Any CPU = Debug|Any CPU
		Release|Any CPU = Release|Any CPU
	EndGlobalSection
	GlobalSection(ProjectConfigurationPlatforms) = postSolution
		{F64A473C-1C6A-4D21-8999-8C06C43AE894}.Debug|Any CPU.ActiveCfg = Debug|Any CPU
		{F64A473C-1C6A-4D21-8999-8C06C43AE894}.Debug|Any CPU.Build.0 = Debug|Any CPU
		{F64A473C-1C6A-4D21-8999-8C06C43AE894}.Release|Any CPU.ActiveCfg = Release|Any CPU
		{F64A473C-1C6A-4D21-8999-8C06C43AE894}.Release|Any CPU.Build.0 = Release|Any CPU
	EndGlobalSection
	GlobalSection(SolutionProperties) = preSolution
		HideSolutionNode = FALSE
	EndGlobalSection
	GlobalSection(ExtensibilityGlobals) = postSolution
		SolutionGuid = {DC79030D-E211-4BAC-A9AE-DF80F5E05B37}
	EndGlobalSection
EndGlobal
