
Microsoft Visual Studio Solution File, Format Version 12.00
# Visual Studio Version 16
VisualStudioVersion = 16.0.32901.82
MinimumVisualStudioVersion = 10.0.40219.1
Project("{FAE04EC0-301F-11D3-BF4B-00C04F79EFBC}") = "Part_2_Task__Array_29", "Part_2_Task__Array_29\Part_2_Task__Array_29.csproj", "{1185F6BE-5257-4B4A-9DCA-C7BD1DF19F49}"
EndProject
Global
	GlobalSection(SolutionConfigurationPlatforms) = preSolution
		Debug|Any CPU = Debug|Any CPU
		Release|Any CPU = Release|Any CPU
	EndGlobalSection
	GlobalSection(ProjectConfigurationPlatforms) = postSolution
		{1185F6BE-5257-4B4A-9DCA-C7BD1DF19F49}.Debug|Any CPU.ActiveCfg = Debug|Any CPU
		{1185F6BE-5257-4B4A-9DCA-C7BD1DF19F49}.Debug|Any CPU.Build.0 = Debug|Any CPU
		{1185F6BE-5257-4B4A-9DCA-C7BD1DF19F49}.Release|Any CPU.ActiveCfg = Release|Any CPU
		{1185F6BE-5257-4B4A-9DCA-C7BD1DF19F49}.Release|Any CPU.Build.0 = Release|Any CPU
	EndGlobalSection
	GlobalSection(SolutionProperties) = preSolution
		HideSolutionNode = FALSE
	EndGlobalSection
	GlobalSection(ExtensibilityGlobals) = postSolution
		SolutionGuid = {A9BAFEA1-EFD9-47AA-86A7-17BA42DA44CA}
	EndGlobalSection
EndGlobal
