
Microsoft Visual Studio Solution File, Format Version 12.00
# Visual Studio Version 16
VisualStudioVersion = 16.0.32901.82
MinimumVisualStudioVersion = 10.0.40219.1
Project("{FAE04EC0-301F-11D3-BF4B-00C04F79EFBC}") = "Part_2_Task__For_29", "Part_2_Task__For_29\Part_2_Task__For_29.csproj", "{FA84AAE9-FEFA-4FE8-BD4B-C30741B76235}"
EndProject
Global
	GlobalSection(SolutionConfigurationPlatforms) = preSolution
		Debug|Any CPU = Debug|Any CPU
		Release|Any CPU = Release|Any CPU
	EndGlobalSection
	GlobalSection(ProjectConfigurationPlatforms) = postSolution
		{FA84AAE9-FEFA-4FE8-BD4B-C30741B76235}.Debug|Any CPU.ActiveCfg = Debug|Any CPU
		{FA84AAE9-FEFA-4FE8-BD4B-C30741B76235}.Debug|Any CPU.Build.0 = Debug|Any CPU
		{FA84AAE9-FEFA-4FE8-BD4B-C30741B76235}.Release|Any CPU.ActiveCfg = Release|Any CPU
		{FA84AAE9-FEFA-4FE8-BD4B-C30741B76235}.Release|Any CPU.Build.0 = Release|Any CPU
	EndGlobalSection
	GlobalSection(SolutionProperties) = preSolution
		HideSolutionNode = FALSE
	EndGlobalSection
	GlobalSection(ExtensibilityGlobals) = postSolution
		SolutionGuid = {D667604F-713C-400C-8484-AE59E764F0A3}
	EndGlobalSection
EndGlobal
